{
  "name": "foam-core",
  "version": "0.13.8",
  "lockfileVersion": 1,
  "requires": true,
  "dependencies": {
    "@types/highlight.js": {
      "version": "9.12.4",
      "resolved": "https://mirrors.huaweicloud.com/repository/npm/@types/highlight.js/-/highlight.js-9.12.4.tgz",
      "integrity": "sha512-t2szdkwmg2JJyuCM20e8kR2X59WCE5Zkl4bzm1u1Oukjm79zpbiAv+QjnwLnuuV0WHEcX2NgUItu0pAMKuOPww==",
      "dev": true
    },
    "@types/linkify-it": {
      "version": "3.0.1",
      "resolved": "https://mirrors.huaweicloud.com/repository/npm/@types/linkify-it/-/linkify-it-3.0.1.tgz",
      "integrity": "sha512-pQv3Sygwxxh6jYQzXaiyWDAHevJqWtqDUv6t11Sa9CPGiXny66II7Pl6PR8QO5OVysD6HYOkHMeBgIjLnk9SkQ==",
      "dev": true
    },
    "@types/markdown-it": {
      "version": "12.0.2",
      "resolved": "https://mirrors.huaweicloud.com/repository/npm/@types/markdown-it/-/markdown-it-12.0.2.tgz",
      "integrity": "sha512-p4DIfLMmGN0iLSbMxknDXeSm8W2ZRqQeN/1EAwVxVqJietzgp3WeP1UQjCKWDXWBcEbUa1ECx8YAfdpQdDQmZQ==",
      "dev": true,
      "requires": {
        "@types/highlight.js": "^9.7.0",
        "@types/linkify-it": "*",
        "@types/mdurl": "*"
      }
    },
    "@types/mdurl": {
      "version": "1.0.2",
      "resolved": "https://mirrors.huaweicloud.com/repository/npm/@types/mdurl/-/mdurl-1.0.2.tgz",
      "integrity": "sha512-eC4U9MlIcu2q0KQmXszyn5Akca/0jrQmwDRgpAMJai7qBWq4amIQhZyNau4VYGtCeALvW1/NtjzJJ567aZxfKA==",
      "dev": true
    },
    "argparse": {
      "version": "2.0.1",
      "resolved": "https://mirrors.huaweicloud.com/repository/npm/argparse/-/argparse-2.0.1.tgz",
      "integrity": "sha512-8+9WqebbFzpX9OR+Wa6O29asIogeRMzcGtAINdpMHHyAg10f05aSFVBbcEqGf/PXw1EjAZ+q2/bEBg3DvurK3Q=="
    },
    "braces": {
      "version": "3.0.2",
      "resolved": "https://mirrors.huaweicloud.com/repository/npm/braces/-/braces-3.0.2.tgz",
      "integrity": "sha512-b8um+L1RzM3WDSzvhm6gIz1yfTbBt6YTlcEKAvsmqCZZFw46z626lVj9j1yEPW33H5H+lBQpZMP1k8l+78Ha0A==",
      "requires": {
        "fill-range": "^7.0.1"
      }
    },
    "entities": {
      "version": "2.1.0",
      "resolved": "https://mirrors.huaweicloud.com/repository/npm/entities/-/entities-2.1.0.tgz",
      "integrity": "sha512-hCx1oky9PFrJ611mf0ifBLBRW8lUUVRlFolb5gWRfIELabBlbp9xZvrqZLZAs+NxFnbfQoeGd8wDkygjg7U85w=="
    },
    "fill-range": {
      "version": "7.0.1",
      "resolved": "https://mirrors.huaweicloud.com/repository/npm/fill-range/-/fill-range-7.0.1.tgz",
      "integrity": "sha512-qOo9F+dMUmC2Lcb4BbVvnKJxTPjCm+RRpe4gDuGrzkL7mEVl/djYSu2OdQ2Pa302N4oqkSg9ir6jaLWJ2USVpQ==",
      "requires": {
        "to-regex-range": "^5.0.1"
      }
    },
    "is-number": {
      "version": "7.0.0",
      "resolved": "https://mirrors.huaweicloud.com/repository/npm/is-number/-/is-number-7.0.0.tgz",
      "integrity": "sha512-41Cifkg6e8TylSpdtTpeLVMqvSBEVzTttHvERD741+pnZ8ANv0004MRL43QKPDlK9cGvNp6NZWZUBlbGXYxxng=="
    },
    "linkify-it": {
      "version": "3.0.2",
      "resolved": "https://mirrors.huaweicloud.com/repository/npm/linkify-it/-/linkify-it-3.0.2.tgz",
      "integrity": "sha512-gDBO4aHNZS6coiZCKVhSNh43F9ioIL4JwRjLZPkoLIY4yZFwg264Y5lu2x6rb1Js42Gh6Yqm2f6L2AJcnkzinQ==",
      "requires": {
        "uc.micro": "^1.0.1"
      }
    },
    "markdown-it": {
      "version": "12.0.6",
      "requires": {
        "argparse": "^2.0.1",
        "entities": "~2.1.0",
        "linkify-it": "^3.0.1",
        "mdurl": "^1.0.1",
        "uc.micro": "^1.0.5"
      }
    },
    "mdurl": {
      "version": "1.0.1",
      "resolved": "https://mirrors.huaweicloud.com/repository/npm/mdurl/-/mdurl-1.0.1.tgz",
      "integrity": "sha1-/oWy7HWlkDfyrf7BAP1sYBdhFS4="
    },
    "micromatch": {
      "version": "4.0.2",
      "requires": {
        "braces": "^3.0.1",
        "picomatch": "^2.0.5"
      }
    },
    "picomatch": {
      "version": "2.3.0",
      "resolved": "https://mirrors.huaweicloud.com/repository/npm/picomatch/-/picomatch-2.3.0.tgz",
      "integrity": "sha512-lY1Q/PiJGC2zOv/z391WOTD+Z02bCgsFfvxoXXf6h7kv9o+WmsmzYqrAwY63sNgOxE4xEdq0WyUnXfKeBrSvYw=="
    },
    "to-regex-range": {
      "version": "5.0.1",
      "resolved": "https://mirrors.huaweicloud.com/repository/npm/to-regex-range/-/to-regex-range-5.0.1.tgz",
      "integrity": "sha512-65P7iz6X5yEr1cwcgvQxbbIw7Uk3gOy5dIdtZ4rDveLqhrdJP+Li/Hx6tyK0NEb+2GCyneCMJiGqrADCSNk8sQ==",
      "requires": {
        "is-number": "^7.0.0"
      }
    },
    "tslib": {
      "version": "2.1.0",
      "dev": true
    },
    "uc.micro": {
      "version": "1.0.6",
      "resolved": "https://mirrors.huaweicloud.com/repository/npm/uc.micro/-/uc.micro-1.0.6.tgz",
      "integrity": "sha512-8Y75pvTYkLJW2hWQHXxoqRgV7qb9B+9vFEtidML+7koHUFapnVJAZ6cKs+Qjz5Aw3aZWHMC6u0wJE3At+nSGwA=="
    }
  }
}
